
Microsoft Visual Studio Solution File, Format Version 12.00
# Visual Studio Version 16
VisualStudioVersion = 16.0.810.21
MinimumVisualStudioVersion = 10.0.40219.1
Project("{FAE04EC0-301F-11D3-BF4B-00C04F79EFBC}") = "Extension_task1", "Extension_task1\Extension_task1.csproj", "{BF3530EE-7B53-4487-81CB-912CFCEF4CFA}"
EndProject
Global
	GlobalSection(SolutionConfigurationPlatforms) = preSolution
		Debug|Any CPU = Debug|Any CPU
		Release|Any CPU = Release|Any CPU
	EndGlobalSection
	GlobalSection(ProjectConfigurationPlatforms) = postSolution
		{BF3530EE-7B53-4487-81CB-912CFCEF4CFA}.Debug|Any CPU.ActiveCfg = Debug|Any CPU
		{BF3530EE-7B53-4487-81CB-912CFCEF4CFA}.Debug|Any CPU.Build.0 = Debug|Any CPU
		{BF3530EE-7B53-4487-81CB-912CFCEF4CFA}.Release|Any CPU.ActiveCfg = Release|Any CPU
		{BF3530EE-7B53-4487-81CB-912CFCEF4CFA}.Release|Any CPU.Build.0 = Release|Any CPU
	EndGlobalSection
	GlobalSection(SolutionProperties) = preSolution
		HideSolutionNode = FALSE
	EndGlobalSection
	GlobalSection(ExtensibilityGlobals) = postSolution
		SolutionGuid = {46CEF98C-7EE4-4041-A8F9-792C704603CA}
	EndGlobalSection
EndGlobal
